
Microsoft Visual Studio Solution File, Format Version 12.00
# Visual Studio Version 16
VisualStudioVersion = 16.0.30002.166
MinimumVisualStudioVersion = 10.0.40219.1
Project("{2150E333-8FDC-42A3-9474-1A3956D46DE8}") = "src", "src", "{1D41EA35-1F80-48B1-9823-B48FFE7E5076}"
EndProject
Project("{9A19103F-16F7-4668-BE54-9A1E7A4F7556}") = "Ask.Sdk.Core", "src\Ask.Sdk.Core\Ask.Sdk.Core.csproj", "{FF41DC86-12D7-46CC-BA1B-E3A74306DC62}"
EndProject
Project("{2150E333-8FDC-42A3-9474-1A3956D46DE8}") = "samples", "samples", "{772EFBCC-5A70-46C5-BDD8-BF11AADF60B8}"
EndProject
Project("{9A19103F-16F7-4668-BE54-9A1E7A4F7556}") = "HelloWorldWeb", "samples\HelloWorldWeb\HelloWorldWeb.csproj", "{A0E66AC1-3A12-475D-A044-4E68BF62CC3F}"
EndProject
Project("{9A19103F-16F7-4668-BE54-9A1E7A4F7556}") = "HelloWorldLambda", "samples\HelloWorldLambda\HelloWorldLambda.csproj", "{DB8FB04A-F3B7-4099-971E-7BD48C264CA1}"
EndProject
Project("{9A19103F-16F7-4668-BE54-9A1E7A4F7556}") = "Ask.Sdk.CosmosDb.Persistence.Adapter", "src\Ask.Sdk.CosmosDb.Persistence.Adapter\Ask.Sdk.CosmosDb.Persistence.Adapter.csproj", "{155E484A-765D-4462-BB1D-5AF1CC66EED6}"
EndProject
Project("{9A19103F-16F7-4668-BE54-9A1E7A4F7556}") = "Ask.Sdk.Asp.Net.Core", "src\Ask.Sdk.Asp.Net.Core\Ask.Sdk.Asp.Net.Core.csproj", "{EF056A8A-AAE8-4983-8435-C716275019F9}"
EndProject
Project("{2150E333-8FDC-42A3-9474-1A3956D46DE8}") = "tests", "tests", "{8697785B-3427-4E0E-8A40-50E230F41EF5}"
EndProject
Project("{9A19103F-16F7-4668-BE54-9A1E7A4F7556}") = "DeviceAddressLambda", "samples\DeviceAddressLambda\DeviceAddressLambda.csproj", "{436CDC9D-9D82-47F0-B0D3-C25BFC4C1765}"
EndProject
Project("{9A19103F-16F7-4668-BE54-9A1E7A4F7556}") = "Ask.Sdk.DynamoDb.Persistence.Adapter", "src\Ask.Sdk.DynamoDb.Persistence.Adapter\Ask.Sdk.DynamoDb.Persistence.Adapter.csproj", "{8235FD96-9CB6-4A29-958C-2EFEBA4714DD}"
EndProject
Project("{9A19103F-16F7-4668-BE54-9A1E7A4F7556}") = "DynamoDbLambda", "samples\DynamoDbLambda\DynamoDbLambda.csproj", "{48641D3E-D956-4AF5-BB41-C169DBD02747}"
EndProject
Project("{9A19103F-16F7-4668-BE54-9A1E7A4F7556}") = "Ask.Sdk", "src\Ask.Sdk\Ask.Sdk.csproj", "{BF111585-814D-46E3-A33C-4ACC9D299756}"
EndProject
Project("{9A19103F-16F7-4668-BE54-9A1E7A4F7556}") = "Ask.Sdk.Runtime", "src\Ask.Sdk.Runtime\Ask.Sdk.Runtime.csproj", "{D361C95B-C715-4D59-8E78-8BE399C1C27E}"
EndProject
Project("{9A19103F-16F7-4668-BE54-9A1E7A4F7556}") = "FactLambda", "samples\FactLambda\FactLambda.csproj", "{EA267461-D915-424F-B6A8-062E23365D85}"
EndProject
Project("{9A19103F-16F7-4668-BE54-9A1E7A4F7556}") = "ProgressiveResponseLambda", "samples\ProgressiveResponseLambda\ProgressiveResponseLambda.csproj", "{6A4BCC80-9F45-4376-B95A-20B823EF858C}"
EndProject
Project("{9A19103F-16F7-4668-BE54-9A1E7A4F7556}") = "CustomerSettingsLambda", "samples\CustomerSettingsLambda\CustomerSettingsLambda.csproj", "{84323F75-4E37-488B-B489-C9C341EF1B90}"
EndProject
Project("{9A19103F-16F7-4668-BE54-9A1E7A4F7556}") = "Ask.Sdk.Runtime.Tests", "tests\Ask.Sdk.Runtime.Tests\Ask.Sdk.Runtime.Tests.csproj", "{EB1677BF-8F6A-4A83-B647-006A9C897D0B}"
EndProject
Project("{9A19103F-16F7-4668-BE54-9A1E7A4F7556}") = "Ask.Sdk.Core.Tests", "tests\Ask.Sdk.Core.Tests\Ask.Sdk.Core.Tests.csproj", "{D06D237D-6483-4910-B188-29C5791D4890}"
EndProject
Project("{9A19103F-16F7-4668-BE54-9A1E7A4F7556}") = "Ask.Sdk.Azure.WebJobs", "src\Ask.Sdk.Azure.WebJobs\Ask.Sdk.Azure.WebJobs.csproj", "{373B8209-1E5C-4A2B-A408-C3341A585285}"
EndProject
Project("{9A19103F-16F7-4668-BE54-9A1E7A4F7556}") = "HelloWorldFunction", "samples\HelloWorldFunction\HelloWorldFunction.csproj", "{093CC82A-FEEC-4CB7-90AF-ADCCB1AE1A1B}"
EndProject
Project("{9A19103F-16F7-4668-BE54-9A1E7A4F7556}") = "Ask.Sdk.Azure.WebJobs.Tests", "tests\Ask.Sdk.Azure.WebJobs.Tests\Ask.Sdk.Azure.WebJobs.Tests.csproj", "{D3E40221-8CC5-4F93-BC24-159F84D2F6EF}"
EndProject
Global
	GlobalSection(SolutionConfigurationPlatforms) = preSolution
		Debug|Any CPU = Debug|Any CPU
		Release|Any CPU = Release|Any CPU
	EndGlobalSection
	GlobalSection(ProjectConfigurationPlatforms) = postSolution
		{FF41DC86-12D7-46CC-BA1B-E3A74306DC62}.Debug|Any CPU.ActiveCfg = Debug|Any CPU
		{FF41DC86-12D7-46CC-BA1B-E3A74306DC62}.Debug|Any CPU.Build.0 = Debug|Any CPU
		{FF41DC86-12D7-46CC-BA1B-E3A74306DC62}.Release|Any CPU.ActiveCfg = Release|Any CPU
		{FF41DC86-12D7-46CC-BA1B-E3A74306DC62}.Release|Any CPU.Build.0 = Release|Any CPU
		{A0E66AC1-3A12-475D-A044-4E68BF62CC3F}.Debug|Any CPU.ActiveCfg = Debug|Any CPU
		{A0E66AC1-3A12-475D-A044-4E68BF62CC3F}.Debug|Any CPU.Build.0 = Debug|Any CPU
		{A0E66AC1-3A12-475D-A044-4E68BF62CC3F}.Release|Any CPU.ActiveCfg = Release|Any CPU
		{A0E66AC1-3A12-475D-A044-4E68BF62CC3F}.Release|Any CPU.Build.0 = Release|Any CPU
		{DB8FB04A-F3B7-4099-971E-7BD48C264CA1}.Debug|Any CPU.ActiveCfg = Debug|Any CPU
		{DB8FB04A-F3B7-4099-971E-7BD48C264CA1}.Debug|Any CPU.Build.0 = Debug|Any CPU
		{DB8FB04A-F3B7-4099-971E-7BD48C264CA1}.Release|Any CPU.ActiveCfg = Release|Any CPU
		{DB8FB04A-F3B7-4099-971E-7BD48C264CA1}.Release|Any CPU.Build.0 = Release|Any CPU
		{155E484A-765D-4462-BB1D-5AF1CC66EED6}.Debug|Any CPU.ActiveCfg = Debug|Any CPU
		{155E484A-765D-4462-BB1D-5AF1CC66EED6}.Debug|Any CPU.Build.0 = Debug|Any CPU
		{155E484A-765D-4462-BB1D-5AF1CC66EED6}.Release|Any CPU.ActiveCfg = Release|Any CPU
		{155E484A-765D-4462-BB1D-5AF1CC66EED6}.Release|Any CPU.Build.0 = Release|Any CPU
		{EF056A8A-AAE8-4983-8435-C716275019F9}.Debug|Any CPU.ActiveCfg = Debug|Any CPU
		{EF056A8A-AAE8-4983-8435-C716275019F9}.Debug|Any CPU.Build.0 = Debug|Any CPU
		{EF056A8A-AAE8-4983-8435-C716275019F9}.Release|Any CPU.ActiveCfg = Release|Any CPU
		{EF056A8A-AAE8-4983-8435-C716275019F9}.Release|Any CPU.Build.0 = Release|Any CPU
		{436CDC9D-9D82-47F0-B0D3-C25BFC4C1765}.Debug|Any CPU.ActiveCfg = Debug|Any CPU
		{436CDC9D-9D82-47F0-B0D3-C25BFC4C1765}.Debug|Any CPU.Build.0 = Debug|Any CPU
		{436CDC9D-9D82-47F0-B0D3-C25BFC4C1765}.Release|Any CPU.ActiveCfg = Release|Any CPU
		{436CDC9D-9D82-47F0-B0D3-C25BFC4C1765}.Release|Any CPU.Build.0 = Release|Any CPU
		{8235FD96-9CB6-4A29-958C-2EFEBA4714DD}.Debug|Any CPU.ActiveCfg = Debug|Any CPU
		{8235FD96-9CB6-4A29-958C-2EFEBA4714DD}.Debug|Any CPU.Build.0 = Debug|Any CPU
		{8235FD96-9CB6-4A29-958C-2EFEBA4714DD}.Release|Any CPU.ActiveCfg = Release|Any CPU
		{8235FD96-9CB6-4A29-958C-2EFEBA4714DD}.Release|Any CPU.Build.0 = Release|Any CPU
		{48641D3E-D956-4AF5-BB41-C169DBD02747}.Debug|Any CPU.ActiveCfg = Debug|Any CPU
		{48641D3E-D956-4AF5-BB41-C169DBD02747}.Debug|Any CPU.Build.0 = Debug|Any CPU
		{48641D3E-D956-4AF5-BB41-C169DBD02747}.Release|Any CPU.ActiveCfg = Release|Any CPU
		{48641D3E-D956-4AF5-BB41-C169DBD02747}.Release|Any CPU.Build.0 = Release|Any CPU
		{BF111585-814D-46E3-A33C-4ACC9D299756}.Debug|Any CPU.ActiveCfg = Debug|Any CPU
		{BF111585-814D-46E3-A33C-4ACC9D299756}.Debug|Any CPU.Build.0 = Debug|Any CPU
		{BF111585-814D-46E3-A33C-4ACC9D299756}.Release|Any CPU.ActiveCfg = Release|Any CPU
		{BF111585-814D-46E3-A33C-4ACC9D299756}.Release|Any CPU.Build.0 = Release|Any CPU
		{D361C95B-C715-4D59-8E78-8BE399C1C27E}.Debug|Any CPU.ActiveCfg = Debug|Any CPU
		{D361C95B-C715-4D59-8E78-8BE399C1C27E}.Debug|Any CPU.Build.0 = Debug|Any CPU
		{D361C95B-C715-4D59-8E78-8BE399C1C27E}.Release|Any CPU.ActiveCfg = Release|Any CPU
		{D361C95B-C715-4D59-8E78-8BE399C1C27E}.Release|Any CPU.Build.0 = Release|Any CPU
		{EA267461-D915-424F-B6A8-062E23365D85}.Debug|Any CPU.ActiveCfg = Debug|Any CPU
		{EA267461-D915-424F-B6A8-062E23365D85}.Debug|Any CPU.Build.0 = Debug|Any CPU
		{EA267461-D915-424F-B6A8-062E23365D85}.Release|Any CPU.ActiveCfg = Release|Any CPU
		{EA267461-D915-424F-B6A8-062E23365D85}.Release|Any CPU.Build.0 = Release|Any CPU
		{6A4BCC80-9F45-4376-B95A-20B823EF858C}.Debug|Any CPU.ActiveCfg = Debug|Any CPU
		{6A4BCC80-9F45-4376-B95A-20B823EF858C}.Debug|Any CPU.Build.0 = Debug|Any CPU
		{6A4BCC80-9F45-4376-B95A-20B823EF858C}.Release|Any CPU.ActiveCfg = Release|Any CPU
		{6A4BCC80-9F45-4376-B95A-20B823EF858C}.Release|Any CPU.Build.0 = Release|Any CPU
		{84323F75-4E37-488B-B489-C9C341EF1B90}.Debug|Any CPU.ActiveCfg = Debug|Any CPU
		{84323F75-4E37-488B-B489-C9C341EF1B90}.Debug|Any CPU.Build.0 = Debug|Any CPU
		{84323F75-4E37-488B-B489-C9C341EF1B90}.Release|Any CPU.ActiveCfg = Release|Any CPU
		{84323F75-4E37-488B-B489-C9C341EF1B90}.Release|Any CPU.Build.0 = Release|Any CPU
		{EB1677BF-8F6A-4A83-B647-006A9C897D0B}.Debug|Any CPU.ActiveCfg = Debug|Any CPU
		{EB1677BF-8F6A-4A83-B647-006A9C897D0B}.Debug|Any CPU.Build.0 = Debug|Any CPU
		{EB1677BF-8F6A-4A83-B647-006A9C897D0B}.Release|Any CPU.ActiveCfg = Release|Any CPU
		{EB1677BF-8F6A-4A83-B647-006A9C897D0B}.Release|Any CPU.Build.0 = Release|Any CPU
		{D06D237D-6483-4910-B188-29C5791D4890}.Debug|Any CPU.ActiveCfg = Debug|Any CPU
		{D06D237D-6483-4910-B188-29C5791D4890}.Debug|Any CPU.Build.0 = Debug|Any CPU
		{D06D237D-6483-4910-B188-29C5791D4890}.Release|Any CPU.ActiveCfg = Release|Any CPU
		{D06D237D-6483-4910-B188-29C5791D4890}.Release|Any CPU.Build.0 = Release|Any CPU
		{373B8209-1E5C-4A2B-A408-C3341A585285}.Debug|Any CPU.ActiveCfg = Debug|Any CPU
		{373B8209-1E5C-4A2B-A408-C3341A585285}.Debug|Any CPU.Build.0 = Debug|Any CPU
		{373B8209-1E5C-4A2B-A408-C3341A585285}.Release|Any CPU.ActiveCfg = Release|Any CPU
		{373B8209-1E5C-4A2B-A408-C3341A585285}.Release|Any CPU.Build.0 = Release|Any CPU
		{093CC82A-FEEC-4CB7-90AF-ADCCB1AE1A1B}.Debug|Any CPU.ActiveCfg = Debug|Any CPU
		{093CC82A-FEEC-4CB7-90AF-ADCCB1AE1A1B}.Debug|Any CPU.Build.0 = Debug|Any CPU
		{093CC82A-FEEC-4CB7-90AF-ADCCB1AE1A1B}.Release|Any CPU.ActiveCfg = Release|Any CPU
		{093CC82A-FEEC-4CB7-90AF-ADCCB1AE1A1B}.Release|Any CPU.Build.0 = Release|Any CPU
		{D3E40221-8CC5-4F93-BC24-159F84D2F6EF}.Debug|Any CPU.ActiveCfg = Debug|Any CPU
		{D3E40221-8CC5-4F93-BC24-159F84D2F6EF}.Debug|Any CPU.Build.0 = Debug|Any CPU
		{D3E40221-8CC5-4F93-BC24-159F84D2F6EF}.Release|Any CPU.ActiveCfg = Release|Any CPU
		{D3E40221-8CC5-4F93-BC24-159F84D2F6EF}.Release|Any CPU.Build.0 = Release|Any CPU
	EndGlobalSection
	GlobalSection(SolutionProperties) = preSolution
		HideSolutionNode = FALSE
	EndGlobalSection
	GlobalSection(NestedProjects) = preSolution
		{FF41DC86-12D7-46CC-BA1B-E3A74306DC62} = {1D41EA35-1F80-48B1-9823-B48FFE7E5076}
		{A0E66AC1-3A12-475D-A044-4E68BF62CC3F} = {772EFBCC-5A70-46C5-BDD8-BF11AADF60B8}
		{DB8FB04A-F3B7-4099-971E-7BD48C264CA1} = {772EFBCC-5A70-46C5-BDD8-BF11AADF60B8}
		{155E484A-765D-4462-BB1D-5AF1CC66EED6} = {1D41EA35-1F80-48B1-9823-B48FFE7E5076}
		{EF056A8A-AAE8-4983-8435-C716275019F9} = {1D41EA35-1F80-48B1-9823-B48FFE7E5076}
		{436CDC9D-9D82-47F0-B0D3-C25BFC4C1765} = {772EFBCC-5A70-46C5-BDD8-BF11AADF60B8}
		{8235FD96-9CB6-4A29-958C-2EFEBA4714DD} = {1D41EA35-1F80-48B1-9823-B48FFE7E5076}
		{48641D3E-D956-4AF5-BB41-C169DBD02747} = {772EFBCC-5A70-46C5-BDD8-BF11AADF60B8}
		{BF111585-814D-46E3-A33C-4ACC9D299756} = {1D41EA35-1F80-48B1-9823-B48FFE7E5076}
		{D361C95B-C715-4D59-8E78-8BE399C1C27E} = {1D41EA35-1F80-48B1-9823-B48FFE7E5076}
		{EA267461-D915-424F-B6A8-062E23365D85} = {772EFBCC-5A70-46C5-BDD8-BF11AADF60B8}
		{6A4BCC80-9F45-4376-B95A-20B823EF858C} = {772EFBCC-5A70-46C5-BDD8-BF11AADF60B8}
		{84323F75-4E37-488B-B489-C9C341EF1B90} = {772EFBCC-5A70-46C5-BDD8-BF11AADF60B8}
		{EB1677BF-8F6A-4A83-B647-006A9C897D0B} = {8697785B-3427-4E0E-8A40-50E230F41EF5}
		{D06D237D-6483-4910-B188-29C5791D4890} = {8697785B-3427-4E0E-8A40-50E230F41EF5}
		{373B8209-1E5C-4A2B-A408-C3341A585285} = {1D41EA35-1F80-48B1-9823-B48FFE7E5076}
		{093CC82A-FEEC-4CB7-90AF-ADCCB1AE1A1B} = {772EFBCC-5A70-46C5-BDD8-BF11AADF60B8}
		{D3E40221-8CC5-4F93-BC24-159F84D2F6EF} = {8697785B-3427-4E0E-8A40-50E230F41EF5}
	EndGlobalSection
	GlobalSection(ExtensibilityGlobals) = postSolution
		SolutionGuid = {46829E4C-7072-4825-82CD-DEA09278DDCF}
	EndGlobalSection
EndGlobal
